<?xml version="1.0" encoding="utf-8"?>
<Project ToolsVersion="4.0" xmlns="http://schemas.microsoft.com/developer/msbuild/2003">
  <ItemGroup>
    <Filter Include="Source Files">
      <UniqueIdentifier>{4FC737F1-C7A5-4376-A066-2A32D752A2FF}</UniqueIdentifier>
      <Extensions>cpp;c;cc;cxx;c++;cppm;ixx;def;odl;idl;hpj;bat;asm;asmx</Extensions>
    </Filter>
    <Filter Include="Header Files">
      <UniqueIdentifier>{93995380-89BD-4b04-88EB-625FBE52EBFB}</UniqueIdentifier>
      <Extensions>h;hh;hpp;hxx;h++;hm;inl;inc;ipp;xsd</Extensions>
    </Filter>
    <Filter Include="Resource Files">
      <UniqueIdentifier>{67DA6AB6-F800-4c08-8B7A-83BB121AAD01}</UniqueIdentifier>
      <Extensions>rc;ico;cur;bmp;dlg;rc2;rct;bin;rgs;gif;jpg;jpeg;jpe;resx;tiff;tif;png;wav;mfcribbon-ms</Extensions>
    </Filter>
    <Filter Include="Source Files\Libraries">
      <UniqueIdentifier>{c87b63ce-febf-4890-a298-6849ca33cca3}</UniqueIdentifier>
    </Filter>
    <Filter Include="Source Files\Graphics">
      <UniqueIdentifier>{0e9f8548-9db2-469f-9e2e-b38ba8618608}</UniqueIdentifier>
    </Filter>
    <Filter Include="Header Files\Libraries">
      <UniqueIdentifier>{5df7226f-3eb2-46de-b0b2-fc0191d1ef5f}</UniqueIdentifier>
    </Filter>
    <Filter Include="Header Files\Graphics">
      <UniqueIdentifier>{20259b86-f04f-4b76-b5bb-4178269e59d8}</UniqueIdentifier>
    </Filter>
    <Filter Include="Source Files\3D Engine">
      <UniqueIdentifier>{14bbc967-430b-4227-884f-c091ab765ae5}</UniqueIdentifier>
    </Filter>
    <Filter Include="Header Files\3D Engine">
      <UniqueIdentifier>{1d442bf6-d046-466a-b3cd-d1ce92661f7d}</UniqueIdentifier>
    </Filter>
    <Filter Include="Header Files\VM">
      <UniqueIdentifier>{cbc106f5-4198-41cc-a871-07fdf1b1cecf}</UniqueIdentifier>
    </Filter>
    <Filter Include="Header Files\Interactive">
      <UniqueIdentifier>{fef52b68-6829-47ae-baf0-26a04ebb8be4}</UniqueIdentifier>
    </Filter>
    <Filter Include="Source Files\Interactive">
      <UniqueIdentifier>{99332b4c-8e68-4251-899a-f24a324e126e}</UniqueIdentifier>
    </Filter>
    <Filter Include="Source Files\VM">
      <UniqueIdentifier>{c60114c5-2964-41e1-85b8-5c642828cacb}</UniqueIdentifier>
    </Filter>
    <Filter Include="Source Files\Parser">
      <UniqueIdentifier>{dc8a17e8-7051-4ad6-ad47-594daa08efa6}</UniqueIdentifier>
    </Filter>
    <Filter Include="Header Files\Parser">
      <UniqueIdentifier>{49cbcd7c-41a9-494b-85ac-684c046365ef}</UniqueIdentifier>
    </Filter>
    <Filter Include="Resource Files\Parser">
      <UniqueIdentifier>{37a3cfca-dbb4-49a7-bdc4-1b7f25960e3f}</UniqueIdentifier>
    </Filter>
    <Filter Include="Source Files\Compiler">
      <UniqueIdentifier>{8ee61817-dfe9-4ce1-99d3-afa095f4ae7f}</UniqueIdentifier>
    </Filter>
    <Filter Include="Source Files\Debugger">
      <UniqueIdentifier>{6740425d-db38-4759-a8f8-b11d2fd50d2f}</UniqueIdentifier>
    </Filter>
    <Filter Include="Header Files\Debugger">
      <UniqueIdentifier>{c0f51997-b1a7-4908-839d-b795734f280d}</UniqueIdentifier>
    </Filter>
    <Filter Include="Header Files\Compiler">
      <UniqueIdentifier>{7869e697-aaa8-4958-a20c-88ce638f25a4}</UniqueIdentifier>
    </Filter>
    <Filter Include="Source Files\Debugger\Manual">
      <UniqueIdentifier>{24164db6-2d8b-40aa-9ab1-ce7d09678c17}</UniqueIdentifier>
    </Filter>
    <Filter Include="Resource Files\Examples">
      <UniqueIdentifier>{a3a64f7d-ce98-494a-849e-4c1446884d46}</UniqueIdentifier>
    </Filter>
    <Filter Include="Source Files\JIT">
      <UniqueIdentifier>{41156421-30af-44e1-8917-8b34d4aed57c}</UniqueIdentifier>
    </Filter>
    <Filter Include="Header Files\JIT">
      <UniqueIdentifier>{5b51f5e2-d484-4230-a4f3-5a04956202f1}</UniqueIdentifier>
    </Filter>
    <Filter Include="Source Files\JIT\Asmjit">
      <UniqueIdentifier>{9c4a4684-afab-453b-a74f-23f60852047f}</UniqueIdentifier>
    </Filter>
    <Filter Include="Source Files\JIT\Asmjit\core">
      <UniqueIdentifier>{92fb2395-c6d4-4346-bfb4-83f15947c05d}</UniqueIdentifier>
    </Filter>
    <Filter Include="Source Files\JIT\Asmjit\x86">
      <UniqueIdentifier>{e5e14105-578b-4b92-9e42-7011fb704e65}</UniqueIdentifier>
    </Filter>
    <Filter Include="Resource Files\ManualPages">
      <UniqueIdentifier>{e10a31da-3110-49b9-ae5e-9c871145c2f4}</UniqueIdentifier>
    </Filter>
    <Filter Include="Source Files\Antlr4">
      <UniqueIdentifier>{8bdce92e-3aaa-4e3a-a1e8-fa70c600ee67}</UniqueIdentifier>
    </Filter>
    <Filter Include="Source Files\Antlr4\atn">
      <UniqueIdentifier>{0d4d5ef8-f707-49aa-9741-7580114ae87d}</UniqueIdentifier>
    </Filter>
    <Filter Include="Source Files\Antlr4\dfn">
      <UniqueIdentifier>{815d6adf-9f94-422d-a3cb-9dd2b1cab4cd}</UniqueIdentifier>
    </Filter>
    <Filter Include="Source Files\Antlr4\misc">
      <UniqueIdentifier>{753fbb64-4196-4734-b805-a477a75e9b1e}</UniqueIdentifier>
    </Filter>
    <Filter Include="Source Files\Antlr4\support">
      <UniqueIdentifier>{c5fe5164-49e5-4fae-9d72-7a79b09e876c}</UniqueIdentifier>
    </Filter>
    <Filter Include="Source Files\Antlr4\tree">
      <UniqueIdentifier>{b59a8803-c4a3-4b27-9bde-8cf415d473e5}</UniqueIdentifier>
    </Filter>
    <Filter Include="Source Files\Antlr4\tree\pattern">
      <UniqueIdentifier>{9ae23ffc-224f-4a18-b7c2-490fb640b26d}</UniqueIdentifier>
    </Filter>
    <Filter Include="Source Files\Antlr4\tree\xpath">
      <UniqueIdentifier>{7532e1d3-025e-4863-bac1-64dbaca8cf89}</UniqueIdentifier>
    </Filter>
    <Filter Include="Header Files\Antlr4">
      <UniqueIdentifier>{7660fd4b-eaf3-4513-9b5b-e905e4326d7a}</UniqueIdentifier>
    </Filter>
    <Filter Include="Header Files\Antlr4\atn">
      <UniqueIdentifier>{2f094b7b-4c65-404a-bcf1-4060a3d95bec}</UniqueIdentifier>
    </Filter>
    <Filter Include="Header Files\Antlr4\dfa">
      <UniqueIdentifier>{07f0ddce-5f97-4c0b-882e-48c3f542ff9b}</UniqueIdentifier>
    </Filter>
    <Filter Include="Header Files\Antlr4\misc">
      <UniqueIdentifier>{f418554d-6c78-49e4-a116-c324dcb684bb}</UniqueIdentifier>
    </Filter>
    <Filter Include="Header Files\Antlr4\support">
      <UniqueIdentifier>{27ec1636-277f-4e0c-aa4a-dd23a8891fef}</UniqueIdentifier>
    </Filter>
    <Filter Include="Header Files\Antlr4\tree">
      <UniqueIdentifier>{048892ae-100d-49b3-a579-afa2435c7588}</UniqueIdentifier>
    </Filter>
    <Filter Include="Header Files\Antlr4\tree\pattern">
      <UniqueIdentifier>{bde199cd-f6d4-4053-b20a-c768685ecee6}</UniqueIdentifier>
    </Filter>
    <Filter Include="Header Files\Antlr4\tree\xpath">
      <UniqueIdentifier>{a9118f50-85e3-408c-8233-28a5abf69d94}</UniqueIdentifier>
    </Filter>
    <Filter Include="Resource Files\DaricOO">
      <UniqueIdentifier>{26f5f491-7d06-48c8-9320-2188333198dd}</UniqueIdentifier>
    </Filter>
    <Filter Include="Header Files\Input">
      <UniqueIdentifier>{50f727bb-03ac-47bb-9b4f-8a66455946b6}</UniqueIdentifier>
    </Filter>
    <Filter Include="Source Files\Input">
      <UniqueIdentifier>{7cb80ed6-c43d-4ce3-9e2f-f0ca63bbf51a}</UniqueIdentifier>
    </Filter>
    <Filter Include="Header Files\Fonts">
      <UniqueIdentifier>{55433651-c5df-4ca3-a6a5-d1f80447776a}</UniqueIdentifier>
    </Filter>
    <Filter Include="Source Files\Fonts">
      <UniqueIdentifier>{89ee2038-c822-41f9-ba3a-90eb7a6d60d6}</UniqueIdentifier>
    </Filter>
    <Filter Include="Source Files\Text">
      <UniqueIdentifier>{bf4fd38b-4d0b-4bbc-b639-ea2d838a6c91}</UniqueIdentifier>
    </Filter>
    <Filter Include="Header Files\Text">
      <UniqueIdentifier>{fa4f4e92-c800-42f7-9935-3a9a6890c9fc}</UniqueIdentifier>
    </Filter>
  </ItemGroup>
  <ItemGroup>
    <ClCompile Include="..\src\main.cpp">
      <Filter>Source Files</Filter>
    </ClCompile>
    <ClCompile Include="..\src\graphics\graphics.cpp">
      <Filter>Source Files\Graphics</Filter>
    </ClCompile>
    <ClCompile Include="..\src\graphics\graphics_barycentric.cpp">
      <Filter>Source Files\Graphics</Filter>
    </ClCompile>
    <ClCompile Include="..\src\graphics\graphics_circle.cpp">
      <Filter>Source Files\Graphics</Filter>
    </ClCompile>
    <ClCompile Include="..\src\graphics\graphics_clippedline.cpp">
      <Filter>Source Files\Graphics</Filter>
    </ClCompile>
    <ClCompile Include="..\src\graphics\graphics_triangle.cpp">
      <Filter>Source Files\Graphics</Filter>
    </ClCompile>
    <ClCompile Include="..\src\engine\engine_matrix.cpp">
      <Filter>Source Files\3D Engine</Filter>
    </ClCompile>
    <ClCompile Include="..\src\engine\engine_normals.cpp">
      <Filter>Source Files\3D Engine</Filter>
    </ClCompile>
    <ClCompile Include="..\src\engine\engine_object.cpp">
      <Filter>Source Files\3D Engine</Filter>
    </ClCompile>
    <ClCompile Include="..\src\engine\engine_shape.cpp">
      <Filter>Source Files\3D Engine</Filter>
    </ClCompile>
    <ClCompile Include="..\src\engine\engine_world.cpp">
      <Filter>Source Files\3D Engine</Filter>
    </ClCompile>
    <ClCompile Include="..\src\libs\clock.cpp">
      <Filter>Source Files\Libraries</Filter>
    </ClCompile>
    <ClCompile Include="..\src\interactive\interactive.cpp">
      <Filter>Source Files\Interactive</Filter>
    </ClCompile>
    <ClCompile Include="..\src\vm\vm.cpp">
      <Filter>Source Files\VM</Filter>
    </ClCompile>
    <ClCompile Include="..\src\parser\DARICLexer.cpp">
      <Filter>Source Files\Parser</Filter>
    </ClCompile>
    <ClCompile Include="..\src\parser\DARICParser.cpp">
      <Filter>Source Files\Parser</Filter>
    </ClCompile>
    <ClCompile Include="..\src\parser\DARICBaseVisitor.cpp">
      <Filter>Source Files\Parser</Filter>
    </ClCompile>
    <ClCompile Include="..\src\parser\DARICVisitor.cpp">
      <Filter>Source Files\Parser</Filter>
    </ClCompile>
    <ClCompile Include="..\src\compiler\compiler_assignment.cpp">
      <Filter>Source Files\Compiler</Filter>
    </ClCompile>
    <ClCompile Include="..\src\compiler\compiler_printinput.cpp">
      <Filter>Source Files\Compiler</Filter>
    </ClCompile>
    <ClCompile Include="..\src\compiler\visitor.cpp">
      <Filter>Source Files\Compiler</Filter>
    </ClCompile>
    <ClCompile Include="..\src\compiler\compiler_literal.cpp">
      <Filter>Source Files\Compiler</Filter>
    </ClCompile>
    <ClCompile Include="..\src\compiler\compiler_constant.cpp">
      <Filter>Source Files\Compiler</Filter>
    </ClCompile>
    <ClCompile Include="..\src\debugger\debugger.cpp">
      <Filter>Source Files\Debugger</Filter>
    </ClCompile>
    <ClCompile Include="..\src\debugger\disassembly.cpp">
      <Filter>Source Files\Debugger</Filter>
    </ClCompile>
    <ClCompile Include="..\src\debugger\manual.cpp">
      <Filter>Source Files\Debugger</Filter>
    </ClCompile>
    <ClCompile Include="..\src\debugger\manual\manual_2d.cpp">
      <Filter>Source Files\Debugger\Manual</Filter>
    </ClCompile>
    <ClCompile Include="..\src\debugger\manual\manual_3d.cpp">
      <Filter>Source Files\Debugger\Manual</Filter>
    </ClCompile>
    <ClCompile Include="..\src\debugger\manual\manual_boolean.cpp">
      <Filter>Source Files\Debugger\Manual</Filter>
    </ClCompile>
    <ClCompile Include="..\src\debugger\manual\manual_debugging.cpp">
      <Filter>Source Files\Debugger\Manual</Filter>
    </ClCompile>
    <ClCompile Include="..\src\debugger\manual\manual_fn_proc.cpp">
      <Filter>Source Files\Debugger\Manual</Filter>
    </ClCompile>
    <ClCompile Include="..\src\debugger\manual\manual_io.cpp">
      <Filter>Source Files\Debugger\Manual</Filter>
    </ClCompile>
    <ClCompile Include="..\src\debugger\manual\manual_keyboardmouse.cpp">
      <Filter>Source Files\Debugger\Manual</Filter>
    </ClCompile>
    <ClCompile Include="..\src\debugger\manual\manual_looping.cpp">
      <Filter>Source Files\Debugger\Manual</Filter>
    </ClCompile>
    <ClCompile Include="..\src\debugger\manual\manual_maths.cpp">
      <Filter>Source Files\Debugger\Manual</Filter>
    </ClCompile>
    <ClCompile Include="..\src\debugger\manual\manual_operators.cpp">
      <Filter>Source Files\Debugger\Manual</Filter>
    </ClCompile>
    <ClCompile Include="..\src\debugger\manual\manual_string.cpp">
      <Filter>Source Files\Debugger\Manual</Filter>
    </ClCompile>
    <ClCompile Include="..\src\debugger\manual\manual_variables_types.cpp">
      <Filter>Source Files\Debugger\Manual</Filter>
    </ClCompile>
    <ClCompile Include="..\src\compiler\compiler_numeric_expression.cpp">
      <Filter>Source Files\Compiler</Filter>
    </ClCompile>
    <ClCompile Include="..\src\compiler\compiler_string_expression.cpp">
      <Filter>Source Files\Compiler</Filter>
    </ClCompile>
    <ClCompile Include="..\src\compiler\compiler_boolean.cpp">
      <Filter>Source Files\Compiler</Filter>
    </ClCompile>
    <ClCompile Include="..\src\compiler\compiler_numeric_function.cpp">
      <Filter>Source Files\Compiler</Filter>
    </ClCompile>
    <ClCompile Include="..\src\compiler\compiler_string_function.cpp">
      <Filter>Source Files\Compiler</Filter>
    </ClCompile>
    <ClCompile Include="..\src\compiler\compiler_comparison.cpp">
      <Filter>Source Files\Compiler</Filter>
    </ClCompile>
    <ClCompile Include="..\src\compiler\compiler_maths.cpp">
      <Filter>Source Files\Compiler</Filter>
    </ClCompile>
    <ClCompile Include="..\src\compiler\compiler_variables.cpp">
      <Filter>Source Files\Compiler</Filter>
    </ClCompile>
    <ClCompile Include="..\src\compiler\compiler_array.cpp">
      <Filter>Source Files\Compiler</Filter>
    </ClCompile>
    <ClCompile Include="..\src\compiler\compiler_type.cpp">
      <Filter>Source Files\Compiler</Filter>
    </ClCompile>
    <ClCompile Include="..\src\debugger\debugger_variables.cpp">
      <Filter>Source Files\Debugger</Filter>
    </ClCompile>
    <ClCompile Include="..\src\debugger\debugger_disassembly.cpp">
      <Filter>Source Files\Debugger</Filter>
    </ClCompile>
    <ClCompile Include="..\src\compiler\compiler_token.cpp">
      <Filter>Source Files\Compiler</Filter>
    </ClCompile>
    <ClCompile Include="..\src\compiler\compiler_functions.cpp">
      <Filter>Source Files\Compiler</Filter>
    </ClCompile>
    <ClCompile Include="..\src\debugger\debugger_log.cpp">
      <Filter>Source Files\Debugger</Filter>
    </ClCompile>
    <ClCompile Include="..\src\compiler\compiler_debugging.cpp">
      <Filter>Source Files\Compiler</Filter>
    </ClCompile>
    <ClCompile Include="..\src\compiler\compiler_conditional.cpp">
      <Filter>Source Files\Compiler</Filter>
    </ClCompile>
    <ClCompile Include="..\src\compiler\compiler_looping.cpp">
      <Filter>Source Files\Compiler</Filter>
    </ClCompile>
    <ClCompile Include="..\src\compiler\compiler_chain.cpp">
      <Filter>Source Files\Compiler</Filter>
    </ClCompile>
    <ClCompile Include="..\src\compiler\compiler_data.cpp">
      <Filter>Source Files\Compiler</Filter>
    </ClCompile>
    <ClCompile Include="..\src\compiler\compiler_graphics.cpp">
      <Filter>Source Files\Compiler</Filter>
    </ClCompile>
    <ClCompile Include="..\src\compiler\compiler_io.cpp">
      <Filter>Source Files\Compiler</Filter>
    </ClCompile>
    <ClCompile Include="..\src\compiler\compiler_riscos.cpp">
      <Filter>Source Files\Compiler</Filter>
    </ClCompile>
    <ClCompile Include="..\src\compiler\compiler_keyboardmouse.cpp">
      <Filter>Source Files\Compiler</Filter>
    </ClCompile>
    <ClCompile Include="..\src\compiler\compiler_graphics3d.cpp">
      <Filter>Source Files\Compiler</Filter>
    </ClCompile>
    <ClCompile Include="..\src\compiler\compiler_goto.cpp">
      <Filter>Source Files\Compiler</Filter>
    </ClCompile>
    <ClCompile Include="..\src\jit\jit.cpp">
      <Filter>Source Files\JIT</Filter>
    </ClCompile>
    <ClCompile Include="..\src\jit\asmjit\core\archtraits.cpp">
      <Filter>Source Files\JIT\Asmjit\core</Filter>
    </ClCompile>
    <ClCompile Include="..\src\jit\asmjit\core\assembler.cpp">
      <Filter>Source Files\JIT\Asmjit\core</Filter>
    </ClCompile>
    <ClCompile Include="..\src\jit\asmjit\core\builder.cpp">
      <Filter>Source Files\JIT\Asmjit\core</Filter>
    </ClCompile>
    <ClCompile Include="..\src\jit\asmjit\core\codeholder.cpp">
      <Filter>Source Files\JIT\Asmjit\core</Filter>
    </ClCompile>
    <ClCompile Include="..\src\jit\asmjit\core\codewriter.cpp">
      <Filter>Source Files\JIT\Asmjit\core</Filter>
    </ClCompile>
    <ClCompile Include="..\src\jit\asmjit\core\compiler.cpp">
      <Filter>Source Files\JIT\Asmjit\core</Filter>
    </ClCompile>
    <ClCompile Include="..\src\jit\asmjit\core\constpool.cpp">
      <Filter>Source Files\JIT\Asmjit\core</Filter>
    </ClCompile>
    <ClCompile Include="..\src\jit\asmjit\core\cpuinfo.cpp">
      <Filter>Source Files\JIT\Asmjit\core</Filter>
    </ClCompile>
    <ClCompile Include="..\src\jit\asmjit\core\emithelper.cpp">
      <Filter>Source Files\JIT\Asmjit\core</Filter>
    </ClCompile>
    <ClCompile Include="..\src\jit\asmjit\core\emitter.cpp">
      <Filter>Source Files\JIT\Asmjit\core</Filter>
    </ClCompile>
    <ClCompile Include="..\src\jit\asmjit\core\emitterutils.cpp">
      <Filter>Source Files\JIT\Asmjit\core</Filter>
    </ClCompile>
    <ClCompile Include="..\src\jit\asmjit\core\environment.cpp">
      <Filter>Source Files\JIT\Asmjit\core</Filter>
    </ClCompile>
    <ClCompile Include="..\src\jit\asmjit\core\errorhandler.cpp">
      <Filter>Source Files\JIT\Asmjit\core</Filter>
    </ClCompile>
    <ClCompile Include="..\src\jit\asmjit\core\formatter.cpp">
      <Filter>Source Files\JIT\Asmjit\core</Filter>
    </ClCompile>
    <ClCompile Include="..\src\jit\asmjit\core\func.cpp">
      <Filter>Source Files\JIT\Asmjit\core</Filter>
    </ClCompile>
    <ClCompile Include="..\src\jit\asmjit\core\funcargscontext.cpp">
      <Filter>Source Files\JIT\Asmjit\core</Filter>
    </ClCompile>
    <ClCompile Include="..\src\jit\asmjit\core\globals.cpp">
      <Filter>Source Files\JIT\Asmjit\core</Filter>
    </ClCompile>
    <ClCompile Include="..\src\jit\asmjit\core\inst.cpp">
      <Filter>Source Files\JIT\Asmjit\core</Filter>
    </ClCompile>
    <ClCompile Include="..\src\jit\asmjit\core\jitallocator.cpp">
      <Filter>Source Files\JIT\Asmjit\core</Filter>
    </ClCompile>
    <ClCompile Include="..\src\jit\asmjit\core\jitruntime.cpp">
      <Filter>Source Files\JIT\Asmjit\core</Filter>
    </ClCompile>
    <ClCompile Include="..\src\jit\asmjit\core\logger.cpp">
      <Filter>Source Files\JIT\Asmjit\core</Filter>
    </ClCompile>
    <ClCompile Include="..\src\jit\asmjit\core\operand.cpp">
      <Filter>Source Files\JIT\Asmjit\core</Filter>
    </ClCompile>
    <ClCompile Include="..\src\jit\asmjit\core\osutils.cpp">
      <Filter>Source Files\JIT\Asmjit\core</Filter>
    </ClCompile>
    <ClCompile Include="..\src\jit\asmjit\core\ralocal.cpp">
      <Filter>Source Files\JIT\Asmjit\core</Filter>
    </ClCompile>
    <ClCompile Include="..\src\jit\asmjit\core\rapass.cpp">
      <Filter>Source Files\JIT\Asmjit\core</Filter>
    </ClCompile>
    <ClCompile Include="..\src\jit\asmjit\core\rastack.cpp">
      <Filter>Source Files\JIT\Asmjit\core</Filter>
    </ClCompile>
    <ClCompile Include="..\src\jit\asmjit\core\string.cpp">
      <Filter>Source Files\JIT\Asmjit\core</Filter>
    </ClCompile>
    <ClCompile Include="..\src\jit\asmjit\core\support.cpp">
      <Filter>Source Files\JIT\Asmjit\core</Filter>
    </ClCompile>
    <ClCompile Include="..\src\jit\asmjit\core\target.cpp">
      <Filter>Source Files\JIT\Asmjit\core</Filter>
    </ClCompile>
    <ClCompile Include="..\src\jit\asmjit\core\type.cpp">
      <Filter>Source Files\JIT\Asmjit\core</Filter>
    </ClCompile>
    <ClCompile Include="..\src\jit\asmjit\core\virtmem.cpp">
      <Filter>Source Files\JIT\Asmjit\core</Filter>
    </ClCompile>
    <ClCompile Include="..\src\jit\asmjit\core\zone.cpp">
      <Filter>Source Files\JIT\Asmjit\core</Filter>
    </ClCompile>
    <ClCompile Include="..\src\jit\asmjit\core\zonehash.cpp">
      <Filter>Source Files\JIT\Asmjit\core</Filter>
    </ClCompile>
    <ClCompile Include="..\src\jit\asmjit\core\zonelist.cpp">
      <Filter>Source Files\JIT\Asmjit\core</Filter>
    </ClCompile>
    <ClCompile Include="..\src\jit\asmjit\core\zonestack.cpp">
      <Filter>Source Files\JIT\Asmjit\core</Filter>
    </ClCompile>
    <ClCompile Include="..\src\jit\asmjit\core\zonetree.cpp">
      <Filter>Source Files\JIT\Asmjit\core</Filter>
    </ClCompile>
    <ClCompile Include="..\src\jit\asmjit\core\zonevector.cpp">
      <Filter>Source Files\JIT\Asmjit\core</Filter>
    </ClCompile>
    <ClCompile Include="..\src\jit\asmjit\x86\x86assembler.cpp">
      <Filter>Source Files\JIT\Asmjit\x86</Filter>
    </ClCompile>
    <ClCompile Include="..\src\jit\asmjit\x86\x86builder.cpp">
      <Filter>Source Files\JIT\Asmjit\x86</Filter>
    </ClCompile>
    <ClCompile Include="..\src\jit\asmjit\x86\x86compiler.cpp">
      <Filter>Source Files\JIT\Asmjit\x86</Filter>
    </ClCompile>
    <ClCompile Include="..\src\jit\asmjit\x86\x86emithelper.cpp">
      <Filter>Source Files\JIT\Asmjit\x86</Filter>
    </ClCompile>
    <ClCompile Include="..\src\jit\asmjit\x86\x86features.cpp">
      <Filter>Source Files\JIT\Asmjit\x86</Filter>
    </ClCompile>
    <ClCompile Include="..\src\jit\asmjit\x86\x86formatter.cpp">
      <Filter>Source Files\JIT\Asmjit\x86</Filter>
    </ClCompile>
    <ClCompile Include="..\src\jit\asmjit\x86\x86func.cpp">
      <Filter>Source Files\JIT\Asmjit\x86</Filter>
    </ClCompile>
    <ClCompile Include="..\src\jit\asmjit\x86\x86instapi.cpp">
      <Filter>Source Files\JIT\Asmjit\x86</Filter>
    </ClCompile>
    <ClCompile Include="..\src\jit\asmjit\x86\x86instdb.cpp">
      <Filter>Source Files\JIT\Asmjit\x86</Filter>
    </ClCompile>
    <ClCompile Include="..\src\jit\asmjit\x86\x86operand.cpp">
      <Filter>Source Files\JIT\Asmjit\x86</Filter>
    </ClCompile>
    <ClCompile Include="..\src\jit\asmjit\x86\x86rapass.cpp">
      <Filter>Source Files\JIT\Asmjit\x86</Filter>
    </ClCompile>
    <ClCompile Include="..\src\compiler\compiler_core.cpp">
      <Filter>Source Files\Compiler</Filter>
    </ClCompile>
    <ClCompile Include="..\src\libs\daric_string.cpp">
      <Filter>Source Files\Libraries</Filter>
    </ClCompile>
    <ClCompile Include="..\src\compiler\compiler_sprites.cpp">
      <Filter>Source Files\Compiler</Filter>
    </ClCompile>
    <ClCompile Include="..\src\graphics\graphics_sprites.cpp">
      <Filter>Source Files\Graphics</Filter>
    </ClCompile>
    <ClCompile Include="..\src\graphics\lodepng.cpp">
      <Filter>Source Files\Graphics</Filter>
    </ClCompile>
    <ClCompile Include="..\src\interactive\help.cpp">
      <Filter>Source Files\Interactive</Filter>
    </ClCompile>
    <ClCompile Include="..\src\antlr4\ANTLRErrorListener.cpp">
      <Filter>Source Files\Antlr4</Filter>
    </ClCompile>
    <ClCompile Include="..\src\antlr4\ANTLRErrorStrategy.cpp">
      <Filter>Source Files\Antlr4</Filter>
    </ClCompile>
    <ClCompile Include="..\src\antlr4\ANTLRFileStream.cpp">
      <Filter>Source Files\Antlr4</Filter>
    </ClCompile>
    <ClCompile Include="..\src\antlr4\ANTLRInputStream.cpp">
      <Filter>Source Files\Antlr4</Filter>
    </ClCompile>
    <ClCompile Include="..\src\antlr4\BailErrorStrategy.cpp">
      <Filter>Source Files\Antlr4</Filter>
    </ClCompile>
    <ClCompile Include="..\src\antlr4\BaseErrorListener.cpp">
      <Filter>Source Files\Antlr4</Filter>
    </ClCompile>
    <ClCompile Include="..\src\antlr4\BufferedTokenStream.cpp">
      <Filter>Source Files\Antlr4</Filter>
    </ClCompile>
    <ClCompile Include="..\src\antlr4\CharStream.cpp">
      <Filter>Source Files\Antlr4</Filter>
    </ClCompile>
    <ClCompile Include="..\src\antlr4\CommonToken.cpp">
      <Filter>Source Files\Antlr4</Filter>
    </ClCompile>
    <ClCompile Include="..\src\antlr4\CommonTokenFactory.cpp">
      <Filter>Source Files\Antlr4</Filter>
    </ClCompile>
    <ClCompile Include="..\src\antlr4\CommonTokenStream.cpp">
      <Filter>Source Files\Antlr4</Filter>
    </ClCompile>
    <ClCompile Include="..\src\antlr4\ConsoleErrorListener.cpp">
      <Filter>Source Files\Antlr4</Filter>
    </ClCompile>
    <ClCompile Include="..\src\antlr4\DefaultErrorStrategy.cpp">
      <Filter>Source Files\Antlr4</Filter>
    </ClCompile>
    <ClCompile Include="..\src\antlr4\DiagnosticErrorListener.cpp">
      <Filter>Source Files\Antlr4</Filter>
    </ClCompile>
    <ClCompile Include="..\src\antlr4\Exceptions.cpp">
      <Filter>Source Files\Antlr4</Filter>
    </ClCompile>
    <ClCompile Include="..\src\antlr4\FailedPredicateException.cpp">
      <Filter>Source Files\Antlr4</Filter>
    </ClCompile>
    <ClCompile Include="..\src\antlr4\InputMismatchException.cpp">
      <Filter>Source Files\Antlr4</Filter>
    </ClCompile>
    <ClCompile Include="..\src\antlr4\InterpreterRuleContext.cpp">
      <Filter>Source Files\Antlr4</Filter>
    </ClCompile>
    <ClCompile Include="..\src\antlr4\IntStream.cpp">
      <Filter>Source Files\Antlr4</Filter>
    </ClCompile>
    <ClCompile Include="..\src\antlr4\Lexer.cpp">
      <Filter>Source Files\Antlr4</Filter>
    </ClCompile>
    <ClCompile Include="..\src\antlr4\LexerInterpreter.cpp">
      <Filter>Source Files\Antlr4</Filter>
    </ClCompile>
    <ClCompile Include="..\src\antlr4\LexerNoViableAltException.cpp">
      <Filter>Source Files\Antlr4</Filter>
    </ClCompile>
    <ClCompile Include="..\src\antlr4\ListTokenSource.cpp">
      <Filter>Source Files\Antlr4</Filter>
    </ClCompile>
    <ClCompile Include="..\src\antlr4\NoViableAltException.cpp">
      <Filter>Source Files\Antlr4</Filter>
    </ClCompile>
    <ClCompile Include="..\src\antlr4\Parser.cpp">
      <Filter>Source Files\Antlr4</Filter>
    </ClCompile>
    <ClCompile Include="..\src\antlr4\ParserInterpreter.cpp">
      <Filter>Source Files\Antlr4</Filter>
    </ClCompile>
    <ClCompile Include="..\src\antlr4\ParserRuleContext.cpp">
      <Filter>Source Files\Antlr4</Filter>
    </ClCompile>
    <ClCompile Include="..\src\antlr4\ProxyErrorListener.cpp">
      <Filter>Source Files\Antlr4</Filter>
    </ClCompile>
    <ClCompile Include="..\src\antlr4\RecognitionException.cpp">
      <Filter>Source Files\Antlr4</Filter>
    </ClCompile>
    <ClCompile Include="..\src\antlr4\Recognizer.cpp">
      <Filter>Source Files\Antlr4</Filter>
    </ClCompile>
    <ClCompile Include="..\src\antlr4\RuleContext.cpp">
      <Filter>Source Files\Antlr4</Filter>
    </ClCompile>
    <ClCompile Include="..\src\antlr4\RuleContextWithAltNum.cpp">
      <Filter>Source Files\Antlr4</Filter>
    </ClCompile>
    <ClCompile Include="..\src\antlr4\RuntimeMetaData.cpp">
      <Filter>Source Files\Antlr4</Filter>
    </ClCompile>
    <ClCompile Include="..\src\antlr4\Token.cpp">
      <Filter>Source Files\Antlr4</Filter>
    </ClCompile>
    <ClCompile Include="..\src\antlr4\TokenSource.cpp">
      <Filter>Source Files\Antlr4</Filter>
    </ClCompile>
    <ClCompile Include="..\src\antlr4\TokenStream.cpp">
      <Filter>Source Files\Antlr4</Filter>
    </ClCompile>
    <ClCompile Include="..\src\antlr4\TokenStreamRewriter.cpp">
      <Filter>Source Files\Antlr4</Filter>
    </ClCompile>
    <ClCompile Include="..\src\antlr4\UnbufferedCharStream.cpp">
      <Filter>Source Files\Antlr4</Filter>
    </ClCompile>
    <ClCompile Include="..\src\antlr4\UnbufferedTokenStream.cpp">
      <Filter>Source Files\Antlr4</Filter>
    </ClCompile>
    <ClCompile Include="..\src\antlr4\Vocabulary.cpp">
      <Filter>Source Files\Antlr4</Filter>
    </ClCompile>
    <ClCompile Include="..\src\antlr4\WritableToken.cpp">
      <Filter>Source Files\Antlr4</Filter>
    </ClCompile>
    <ClCompile Include="..\src\antlr4\atn\AbstractPredicateTransition.cpp">
      <Filter>Source Files\Antlr4\atn</Filter>
    </ClCompile>
    <ClCompile Include="..\src\antlr4\atn\ActionTransition.cpp">
      <Filter>Source Files\Antlr4\atn</Filter>
    </ClCompile>
    <ClCompile Include="..\src\antlr4\atn\AmbiguityInfo.cpp">
      <Filter>Source Files\Antlr4\atn</Filter>
    </ClCompile>
    <ClCompile Include="..\src\antlr4\atn\ArrayPredictionContext.cpp">
      <Filter>Source Files\Antlr4\atn</Filter>
    </ClCompile>
    <ClCompile Include="..\src\antlr4\atn\ATN.cpp">
      <Filter>Source Files\Antlr4\atn</Filter>
    </ClCompile>
    <ClCompile Include="..\src\antlr4\atn\ATNConfig.cpp">
      <Filter>Source Files\Antlr4\atn</Filter>
    </ClCompile>
    <ClCompile Include="..\src\antlr4\atn\ATNConfigSet.cpp">
      <Filter>Source Files\Antlr4\atn</Filter>
    </ClCompile>
    <ClCompile Include="..\src\antlr4\atn\ATNDeserializationOptions.cpp">
      <Filter>Source Files\Antlr4\atn</Filter>
    </ClCompile>
    <ClCompile Include="..\src\antlr4\atn\ATNDeserializer.cpp">
      <Filter>Source Files\Antlr4\atn</Filter>
    </ClCompile>
    <ClCompile Include="..\src\antlr4\atn\ATNSerializer.cpp">
      <Filter>Source Files\Antlr4\atn</Filter>
    </ClCompile>
    <ClCompile Include="..\src\antlr4\atn\ATNSimulator.cpp">
      <Filter>Source Files\Antlr4\atn</Filter>
    </ClCompile>
    <ClCompile Include="..\src\antlr4\atn\ATNState.cpp">
      <Filter>Source Files\Antlr4\atn</Filter>
    </ClCompile>
    <ClCompile Include="..\src\antlr4\atn\AtomTransition.cpp">
      <Filter>Source Files\Antlr4\atn</Filter>
    </ClCompile>
    <ClCompile Include="..\src\antlr4\atn\BasicBlockStartState.cpp">
      <Filter>Source Files\Antlr4\atn</Filter>
    </ClCompile>
    <ClCompile Include="..\src\antlr4\atn\BasicState.cpp">
      <Filter>Source Files\Antlr4\atn</Filter>
    </ClCompile>
    <ClCompile Include="..\src\antlr4\atn\BlockEndState.cpp">
      <Filter>Source Files\Antlr4\atn</Filter>
    </ClCompile>
    <ClCompile Include="..\src\antlr4\atn\BlockStartState.cpp">
      <Filter>Source Files\Antlr4\atn</Filter>
    </ClCompile>
    <ClCompile Include="..\src\antlr4\atn\ContextSensitivityInfo.cpp">
      <Filter>Source Files\Antlr4\atn</Filter>
    </ClCompile>
    <ClCompile Include="..\src\antlr4\atn\DecisionEventInfo.cpp">
      <Filter>Source Files\Antlr4\atn</Filter>
    </ClCompile>
    <ClCompile Include="..\src\antlr4\atn\DecisionInfo.cpp">
      <Filter>Source Files\Antlr4\atn</Filter>
    </ClCompile>
    <ClCompile Include="..\src\antlr4\atn\DecisionState.cpp">
      <Filter>Source Files\Antlr4\atn</Filter>
    </ClCompile>
    <ClCompile Include="..\src\antlr4\atn\EmptyPredictionContext.cpp">
      <Filter>Source Files\Antlr4\atn</Filter>
    </ClCompile>
    <ClCompile Include="..\src\antlr4\atn\EpsilonTransition.cpp">
      <Filter>Source Files\Antlr4\atn</Filter>
    </ClCompile>
    <ClCompile Include="..\src\antlr4\atn\ErrorInfo.cpp">
      <Filter>Source Files\Antlr4\atn</Filter>
    </ClCompile>
    <ClCompile Include="..\src\antlr4\atn\LexerAction.cpp">
      <Filter>Source Files\Antlr4\atn</Filter>
    </ClCompile>
    <ClCompile Include="..\src\antlr4\atn\LexerActionExecutor.cpp">
      <Filter>Source Files\Antlr4\atn</Filter>
    </ClCompile>
    <ClCompile Include="..\src\antlr4\atn\LexerATNConfig.cpp">
      <Filter>Source Files\Antlr4\atn</Filter>
    </ClCompile>
    <ClCompile Include="..\src\antlr4\atn\LexerATNSimulator.cpp">
      <Filter>Source Files\Antlr4\atn</Filter>
    </ClCompile>
    <ClCompile Include="..\src\antlr4\atn\LexerChannelAction.cpp">
      <Filter>Source Files\Antlr4\atn</Filter>
    </ClCompile>
    <ClCompile Include="..\src\antlr4\atn\LexerCustomAction.cpp">
      <Filter>Source Files\Antlr4\atn</Filter>
    </ClCompile>
    <ClCompile Include="..\src\antlr4\atn\LexerIndexedCustomAction.cpp">
      <Filter>Source Files\Antlr4\atn</Filter>
    </ClCompile>
    <ClCompile Include="..\src\antlr4\atn\LexerModeAction.cpp">
      <Filter>Source Files\Antlr4\atn</Filter>
    </ClCompile>
    <ClCompile Include="..\src\antlr4\atn\LexerMoreAction.cpp">
      <Filter>Source Files\Antlr4\atn</Filter>
    </ClCompile>
    <ClCompile Include="..\src\antlr4\atn\LexerPopModeAction.cpp">
      <Filter>Source Files\Antlr4\atn</Filter>
    </ClCompile>
    <ClCompile Include="..\src\antlr4\atn\LexerPushModeAction.cpp">
      <Filter>Source Files\Antlr4\atn</Filter>
    </ClCompile>
    <ClCompile Include="..\src\antlr4\atn\LexerSkipAction.cpp">
      <Filter>Source Files\Antlr4\atn</Filter>
    </ClCompile>
    <ClCompile Include="..\src\antlr4\atn\LexerTypeAction.cpp">
      <Filter>Source Files\Antlr4\atn</Filter>
    </ClCompile>
    <ClCompile Include="..\src\antlr4\atn\LL1Analyzer.cpp">
      <Filter>Source Files\Antlr4\atn</Filter>
    </ClCompile>
    <ClCompile Include="..\src\antlr4\atn\LookaheadEventInfo.cpp">
      <Filter>Source Files\Antlr4\atn</Filter>
    </ClCompile>
    <ClCompile Include="..\src\antlr4\atn\LoopEndState.cpp">
      <Filter>Source Files\Antlr4\atn</Filter>
    </ClCompile>
    <ClCompile Include="..\src\antlr4\atn\NotSetTransition.cpp">
      <Filter>Source Files\Antlr4\atn</Filter>
    </ClCompile>
    <ClCompile Include="..\src\antlr4\atn\OrderedATNConfigSet.cpp">
      <Filter>Source Files\Antlr4\atn</Filter>
    </ClCompile>
    <ClCompile Include="..\src\antlr4\atn\ParseInfo.cpp">
      <Filter>Source Files\Antlr4\atn</Filter>
    </ClCompile>
    <ClCompile Include="..\src\antlr4\atn\ParserATNSimulator.cpp">
      <Filter>Source Files\Antlr4\atn</Filter>
    </ClCompile>
    <ClCompile Include="..\src\antlr4\atn\PlusBlockStartState.cpp">
      <Filter>Source Files\Antlr4\atn</Filter>
    </ClCompile>
    <ClCompile Include="..\src\antlr4\atn\PlusLoopbackState.cpp">
      <Filter>Source Files\Antlr4\atn</Filter>
    </ClCompile>
    <ClCompile Include="..\src\antlr4\atn\PrecedencePredicateTransition.cpp">
      <Filter>Source Files\Antlr4\atn</Filter>
    </ClCompile>
    <ClCompile Include="..\src\antlr4\atn\PredicateEvalInfo.cpp">
      <Filter>Source Files\Antlr4\atn</Filter>
    </ClCompile>
    <ClCompile Include="..\src\antlr4\atn\PredicateTransition.cpp">
      <Filter>Source Files\Antlr4\atn</Filter>
    </ClCompile>
    <ClCompile Include="..\src\antlr4\atn\PredictionContext.cpp">
      <Filter>Source Files\Antlr4\atn</Filter>
    </ClCompile>
    <ClCompile Include="..\src\antlr4\atn\PredictionMode.cpp">
      <Filter>Source Files\Antlr4\atn</Filter>
    </ClCompile>
    <ClCompile Include="..\src\antlr4\atn\ProfilingATNSimulator.cpp">
      <Filter>Source Files\Antlr4\atn</Filter>
    </ClCompile>
    <ClCompile Include="..\src\antlr4\atn\RangeTransition.cpp">
      <Filter>Source Files\Antlr4\atn</Filter>
    </ClCompile>
    <ClCompile Include="..\src\antlr4\atn\RuleStartState.cpp">
      <Filter>Source Files\Antlr4\atn</Filter>
    </ClCompile>
    <ClCompile Include="..\src\antlr4\atn\RuleStopState.cpp">
      <Filter>Source Files\Antlr4\atn</Filter>
    </ClCompile>
    <ClCompile Include="..\src\antlr4\atn\RuleTransition.cpp">
      <Filter>Source Files\Antlr4\atn</Filter>
    </ClCompile>
    <ClCompile Include="..\src\antlr4\atn\SemanticContext.cpp">
      <Filter>Source Files\Antlr4\atn</Filter>
    </ClCompile>
    <ClCompile Include="..\src\antlr4\atn\SetTransition.cpp">
      <Filter>Source Files\Antlr4\atn</Filter>
    </ClCompile>
    <ClCompile Include="..\src\antlr4\atn\SingletonPredictionContext.cpp">
      <Filter>Source Files\Antlr4\atn</Filter>
    </ClCompile>
    <ClCompile Include="..\src\antlr4\atn\StarBlockStartState.cpp">
      <Filter>Source Files\Antlr4\atn</Filter>
    </ClCompile>
    <ClCompile Include="..\src\antlr4\atn\StarLoopbackState.cpp">
      <Filter>Source Files\Antlr4\atn</Filter>
    </ClCompile>
    <ClCompile Include="..\src\antlr4\atn\StarLoopEntryState.cpp">
      <Filter>Source Files\Antlr4\atn</Filter>
    </ClCompile>
    <ClCompile Include="..\src\antlr4\atn\TokensStartState.cpp">
      <Filter>Source Files\Antlr4\atn</Filter>
    </ClCompile>
    <ClCompile Include="..\src\antlr4\atn\Transition.cpp">
      <Filter>Source Files\Antlr4\atn</Filter>
    </ClCompile>
    <ClCompile Include="..\src\antlr4\atn\WildcardTransition.cpp">
      <Filter>Source Files\Antlr4\atn</Filter>
    </ClCompile>
    <ClCompile Include="..\src\antlr4\dfa\DFA.cpp">
      <Filter>Source Files\Antlr4\dfn</Filter>
    </ClCompile>
    <ClCompile Include="..\src\antlr4\dfa\DFASerializer.cpp">
      <Filter>Source Files\Antlr4\dfn</Filter>
    </ClCompile>
    <ClCompile Include="..\src\antlr4\dfa\DFAState.cpp">
      <Filter>Source Files\Antlr4\dfn</Filter>
    </ClCompile>
    <ClCompile Include="..\src\antlr4\dfa\LexerDFASerializer.cpp">
      <Filter>Source Files\Antlr4\dfn</Filter>
    </ClCompile>
    <ClCompile Include="..\src\antlr4\misc\InterpreterDataReader.cpp">
      <Filter>Source Files\Antlr4\misc</Filter>
    </ClCompile>
    <ClCompile Include="..\src\antlr4\misc\Interval.cpp">
      <Filter>Source Files\Antlr4\misc</Filter>
    </ClCompile>
    <ClCompile Include="..\src\antlr4\misc\IntervalSet.cpp">
      <Filter>Source Files\Antlr4\misc</Filter>
    </ClCompile>
    <ClCompile Include="..\src\antlr4\misc\MurmurHash.cpp">
      <Filter>Source Files\Antlr4\misc</Filter>
    </ClCompile>
    <ClCompile Include="..\src\antlr4\misc\Predicate.cpp">
      <Filter>Source Files\Antlr4\misc</Filter>
    </ClCompile>
    <ClCompile Include="..\src\antlr4\tree\ErrorNode.cpp">
      <Filter>Source Files\Antlr4\tree</Filter>
    </ClCompile>
    <ClCompile Include="..\src\antlr4\tree\ErrorNodeImpl.cpp">
      <Filter>Source Files\Antlr4\tree</Filter>
    </ClCompile>
    <ClCompile Include="..\src\antlr4\tree\IterativeParseTreeWalker.cpp">
      <Filter>Source Files\Antlr4\tree</Filter>
    </ClCompile>
    <ClCompile Include="..\src\antlr4\tree\ParseTree.cpp">
      <Filter>Source Files\Antlr4\tree</Filter>
    </ClCompile>
    <ClCompile Include="..\src\antlr4\tree\ParseTreeListener.cpp">
      <Filter>Source Files\Antlr4\tree</Filter>
    </ClCompile>
    <ClCompile Include="..\src\antlr4\tree\ParseTreeVisitor.cpp">
      <Filter>Source Files\Antlr4\tree</Filter>
    </ClCompile>
    <ClCompile Include="..\src\antlr4\tree\ParseTreeWalker.cpp">
      <Filter>Source Files\Antlr4\tree</Filter>
    </ClCompile>
    <ClCompile Include="..\src\antlr4\tree\TerminalNode.cpp">
      <Filter>Source Files\Antlr4\tree</Filter>
    </ClCompile>
    <ClCompile Include="..\src\antlr4\tree\TerminalNodeImpl.cpp">
      <Filter>Source Files\Antlr4\tree</Filter>
    </ClCompile>
    <ClCompile Include="..\src\antlr4\tree\Trees.cpp">
      <Filter>Source Files\Antlr4\tree</Filter>
    </ClCompile>
    <ClCompile Include="..\src\antlr4\tree\pattern\Chunk.cpp">
      <Filter>Source Files\Antlr4\tree\pattern</Filter>
    </ClCompile>
    <ClCompile Include="..\src\antlr4\tree\pattern\ParseTreeMatch.cpp">
      <Filter>Source Files\Antlr4\tree\pattern</Filter>
    </ClCompile>
    <ClCompile Include="..\src\antlr4\tree\pattern\ParseTreePattern.cpp">
      <Filter>Source Files\Antlr4\tree\pattern</Filter>
    </ClCompile>
    <ClCompile Include="..\src\antlr4\tree\pattern\ParseTreePatternMatcher.cpp">
      <Filter>Source Files\Antlr4\tree\pattern</Filter>
    </ClCompile>
    <ClCompile Include="..\src\antlr4\tree\pattern\RuleTagToken.cpp">
      <Filter>Source Files\Antlr4\tree\pattern</Filter>
    </ClCompile>
    <ClCompile Include="..\src\antlr4\tree\pattern\TagChunk.cpp">
      <Filter>Source Files\Antlr4\tree\pattern</Filter>
    </ClCompile>
    <ClCompile Include="..\src\antlr4\tree\pattern\TextChunk.cpp">
      <Filter>Source Files\Antlr4\tree\pattern</Filter>
    </ClCompile>
    <ClCompile Include="..\src\antlr4\tree\pattern\TokenTagToken.cpp">
      <Filter>Source Files\Antlr4\tree\pattern</Filter>
    </ClCompile>
    <ClCompile Include="..\src\antlr4\support\Any.cpp">
      <Filter>Source Files\Antlr4\support</Filter>
    </ClCompile>
    <ClCompile Include="..\src\antlr4\support\Arrays.cpp">
      <Filter>Source Files\Antlr4\support</Filter>
    </ClCompile>
    <ClCompile Include="..\src\antlr4\support\CPPUtils.cpp">
      <Filter>Source Files\Antlr4\support</Filter>
    </ClCompile>
    <ClCompile Include="..\src\antlr4\support\guid.cpp">
      <Filter>Source Files\Antlr4\support</Filter>
    </ClCompile>
    <ClCompile Include="..\src\antlr4\support\StringUtils.cpp">
      <Filter>Source Files\Antlr4\support</Filter>
    </ClCompile>
    <ClCompile Include="..\src\antlr4\tree\xpath\XPathWildcardElement.cpp">
      <Filter>Source Files\Antlr4\tree\xpath</Filter>
    </ClCompile>
    <ClCompile Include="..\src\antlr4\tree\xpath\XPathWildcardAnywhereElement.cpp">
      <Filter>Source Files\Antlr4\tree\xpath</Filter>
    </ClCompile>
    <ClCompile Include="..\src\antlr4\tree\xpath\XPathTokenElement.cpp">
      <Filter>Source Files\Antlr4\tree\xpath</Filter>
    </ClCompile>
    <ClCompile Include="..\src\antlr4\tree\xpath\XPathTokenAnywhereElement.cpp">
      <Filter>Source Files\Antlr4\tree\xpath</Filter>
    </ClCompile>
    <ClCompile Include="..\src\antlr4\tree\xpath\XPathRuleElement.cpp">
      <Filter>Source Files\Antlr4\tree\xpath</Filter>
    </ClCompile>
    <ClCompile Include="..\src\antlr4\tree\xpath\XPathRuleAnywhereElement.cpp">
      <Filter>Source Files\Antlr4\tree\xpath</Filter>
    </ClCompile>
    <ClCompile Include="..\src\antlr4\tree\xpath\XPathLexerErrorListener.cpp">
      <Filter>Source Files\Antlr4\tree\xpath</Filter>
    </ClCompile>
    <ClCompile Include="..\src\antlr4\tree\xpath\XPathLexer.cpp">
      <Filter>Source Files\Antlr4\tree\xpath</Filter>
    </ClCompile>
    <ClCompile Include="..\src\antlr4\tree\xpath\XPathElement.cpp">
      <Filter>Source Files\Antlr4\tree\xpath</Filter>
    </ClCompile>
    <ClCompile Include="..\src\antlr4\tree\xpath\XPath.cpp">
      <Filter>Source Files\Antlr4\tree\xpath</Filter>
    </ClCompile>
    <ClCompile Include="..\src\parser\myparser.cpp">
      <Filter>Source Files\Parser</Filter>
    </ClCompile>
    <ClCompile Include="..\src\exception.cpp">
      <Filter>Source Files</Filter>
    </ClCompile>
    <ClCompile Include="..\src\graphics\graphics_pixel.cpp">
      <Filter>Source Files\Graphics</Filter>
    </ClCompile>
    <ClCompile Include="..\src\input\input.cpp">
      <Filter>Source Files\Input</Filter>
    </ClCompile>
    <ClCompile Include="..\src\fonts\fonts.cpp">
      <Filter>Source Files\Fonts</Filter>
    </ClCompile>
    <ClCompile Include="..\src\text\Text.cpp">
      <Filter>Source Files\Text</Filter>
    </ClCompile>
  </ItemGroup>
  <ItemGroup>
    <ClInclude Include="..\src\environment.h">
      <Filter>Header Files</Filter>
    </ClInclude>
    <ClInclude Include="..\src\libs\string.h">
      <Filter>Header Files\Libraries</Filter>
    </ClInclude>
    <ClInclude Include="..\src\graphics\graphics.h">
      <Filter>Header Files\Graphics</Filter>
    </ClInclude>
    <ClInclude Include="..\src\libs\clock.h">
      <Filter>Header Files\Libraries</Filter>
    </ClInclude>
    <ClInclude Include="..\src\types.h">
      <Filter>Header Files</Filter>
    </ClInclude>
    <ClInclude Include="..\src\engine\engine.h">
      <Filter>Header Files\3D Engine</Filter>
    </ClInclude>
    <ClInclude Include="..\src\vm\boxed.h">
      <Filter>Header Files\VM</Filter>
    </ClInclude>
    <ClInclude Include="..\src\vm\bytecode.h">
      <Filter>Header Files\VM</Filter>
    </ClInclude>
    <ClInclude Include="..\src\vm\type.h">
      <Filter>Header Files\VM</Filter>
    </ClInclude>
    <ClInclude Include="..\src\interactive\interactive.h">
      <Filter>Header Files\Interactive</Filter>
    </ClInclude>
    <ClInclude Include="..\src\vm\stack.h">
      <Filter>Header Files\VM</Filter>
    </ClInclude>
    <ClInclude Include="..\src\vm\variables.h">
      <Filter>Header Files\VM</Filter>
    </ClInclude>
    <ClInclude Include="..\src\vm\vm.h">
      <Filter>Header Files\VM</Filter>
    </ClInclude>
    <ClInclude Include="..\src\parser\DARICBaseVisitor.h">
      <Filter>Header Files\Parser</Filter>
    </ClInclude>
    <ClInclude Include="..\src\parser\DARICLexer.h">
      <Filter>Header Files\Parser</Filter>
    </ClInclude>
    <ClInclude Include="..\src\parser\DARICParser.h">
      <Filter>Header Files\Parser</Filter>
    </ClInclude>
    <ClInclude Include="..\src\parser\DARICVisitor.h">
      <Filter>Header Files\Parser</Filter>
    </ClInclude>
    <ClInclude Include="..\src\compiler\compiler.h">
      <Filter>Header Files\Compiler</Filter>
    </ClInclude>
    <ClInclude Include="..\src\debugger\debugger.h">
      <Filter>Header Files\Debugger</Filter>
    </ClInclude>
    <ClInclude Include="..\src\debugger\manual\manual.h">
      <Filter>Header Files\Debugger</Filter>
    </ClInclude>
    <ClInclude Include="..\src\vm\performance.h">
      <Filter>Header Files\VM</Filter>
    </ClInclude>
    <ClInclude Include="..\src\exception.h">
      <Filter>Header Files</Filter>
    </ClInclude>
    <ClInclude Include="..\src\compiler\custom_types.h">
      <Filter>Header Files\Compiler</Filter>
    </ClInclude>
    <ClInclude Include="..\src\vm\vm_function.h">
      <Filter>Header Files\VM</Filter>
    </ClInclude>
    <ClInclude Include="..\src\compiler\file_lookup.h">
      <Filter>Header Files\Compiler</Filter>
    </ClInclude>
    <ClInclude Include="..\src\jit\asmjit\core.h">
      <Filter>Header Files\JIT</Filter>
    </ClInclude>
    <ClInclude Include="..\src\jit\asmjit\x86.h">
      <Filter>Header Files\JIT</Filter>
    </ClInclude>
    <ClInclude Include="..\src\jit\jit.h">
      <Filter>Header Files\JIT</Filter>
    </ClInclude>
    <ClInclude Include="..\src\graphics\lodepng.h">
      <Filter>Header Files\Graphics</Filter>
    </ClInclude>
    <ClInclude Include="..\src\libs\json.hpp">
      <Filter>Source Files\Libraries</Filter>
    </ClInclude>
    <ClInclude Include="..\src\antlr4\antlr4-common.h">
      <Filter>Header Files\Antlr4</Filter>
    </ClInclude>
    <ClInclude Include="..\src\antlr4\antlr4-runtime.h">
      <Filter>Header Files\Antlr4</Filter>
    </ClInclude>
    <ClInclude Include="..\src\antlr4\ANTLRErrorListener.h">
      <Filter>Header Files\Antlr4</Filter>
    </ClInclude>
    <ClInclude Include="..\src\antlr4\ANTLRErrorStrategy.h">
      <Filter>Header Files\Antlr4</Filter>
    </ClInclude>
    <ClInclude Include="..\src\antlr4\ANTLRFileStream.h">
      <Filter>Header Files\Antlr4</Filter>
    </ClInclude>
    <ClInclude Include="..\src\antlr4\ANTLRInputStream.h">
      <Filter>Header Files\Antlr4</Filter>
    </ClInclude>
    <ClInclude Include="..\src\antlr4\BailErrorStrategy.h">
      <Filter>Header Files\Antlr4</Filter>
    </ClInclude>
    <ClInclude Include="..\src\antlr4\BaseErrorListener.h">
      <Filter>Header Files\Antlr4</Filter>
    </ClInclude>
    <ClInclude Include="..\src\antlr4\BufferedTokenStream.h">
      <Filter>Header Files\Antlr4</Filter>
    </ClInclude>
    <ClInclude Include="..\src\antlr4\CharStream.h">
      <Filter>Header Files\Antlr4</Filter>
    </ClInclude>
    <ClInclude Include="..\src\antlr4\CommonToken.h">
      <Filter>Header Files\Antlr4</Filter>
    </ClInclude>
    <ClInclude Include="..\src\antlr4\CommonTokenFactory.h">
      <Filter>Header Files\Antlr4</Filter>
    </ClInclude>
    <ClInclude Include="..\src\antlr4\CommonTokenStream.h">
      <Filter>Header Files\Antlr4</Filter>
    </ClInclude>
    <ClInclude Include="..\src\antlr4\ConsoleErrorListener.h">
      <Filter>Header Files\Antlr4</Filter>
    </ClInclude>
    <ClInclude Include="..\src\antlr4\DefaultErrorStrategy.h">
      <Filter>Header Files\Antlr4</Filter>
    </ClInclude>
    <ClInclude Include="..\src\antlr4\DiagnosticErrorListener.h">
      <Filter>Header Files\Antlr4</Filter>
    </ClInclude>
    <ClInclude Include="..\src\antlr4\Exceptions.h">
      <Filter>Header Files\Antlr4</Filter>
    </ClInclude>
    <ClInclude Include="..\src\antlr4\FailedPredicateException.h">
      <Filter>Header Files\Antlr4</Filter>
    </ClInclude>
    <ClInclude Include="..\src\antlr4\InputMismatchException.h">
      <Filter>Header Files\Antlr4</Filter>
    </ClInclude>
    <ClInclude Include="..\src\antlr4\InterpreterRuleContext.h">
      <Filter>Header Files\Antlr4</Filter>
    </ClInclude>
    <ClInclude Include="..\src\antlr4\IntStream.h">
      <Filter>Header Files\Antlr4</Filter>
    </ClInclude>
    <ClInclude Include="..\src\antlr4\Lexer.h">
      <Filter>Header Files\Antlr4</Filter>
    </ClInclude>
    <ClInclude Include="..\src\antlr4\LexerInterpreter.h">
      <Filter>Header Files\Antlr4</Filter>
    </ClInclude>
    <ClInclude Include="..\src\antlr4\LexerNoViableAltException.h">
      <Filter>Header Files\Antlr4</Filter>
    </ClInclude>
    <ClInclude Include="..\src\antlr4\ListTokenSource.h">
      <Filter>Header Files\Antlr4</Filter>
    </ClInclude>
    <ClInclude Include="..\src\antlr4\NoViableAltException.h">
      <Filter>Header Files\Antlr4</Filter>
    </ClInclude>
    <ClInclude Include="..\src\antlr4\Parser.h">
      <Filter>Header Files\Antlr4</Filter>
    </ClInclude>
    <ClInclude Include="..\src\antlr4\ParserInterpreter.h">
      <Filter>Header Files\Antlr4</Filter>
    </ClInclude>
    <ClInclude Include="..\src\antlr4\ParserRuleContext.h">
      <Filter>Header Files\Antlr4</Filter>
    </ClInclude>
    <ClInclude Include="..\src\antlr4\ProxyErrorListener.h">
      <Filter>Header Files\Antlr4</Filter>
    </ClInclude>
    <ClInclude Include="..\src\antlr4\RecognitionException.h">
      <Filter>Header Files\Antlr4</Filter>
    </ClInclude>
    <ClInclude Include="..\src\antlr4\Recognizer.h">
      <Filter>Header Files\Antlr4</Filter>
    </ClInclude>
    <ClInclude Include="..\src\antlr4\RuleContext.h">
      <Filter>Header Files\Antlr4</Filter>
    </ClInclude>
    <ClInclude Include="..\src\antlr4\RuleContextWithAltNum.h">
      <Filter>Header Files\Antlr4</Filter>
    </ClInclude>
    <ClInclude Include="..\src\antlr4\RuntimeMetaData.h">
      <Filter>Header Files\Antlr4</Filter>
    </ClInclude>
    <ClInclude Include="..\src\antlr4\Token.h">
      <Filter>Header Files\Antlr4</Filter>
    </ClInclude>
    <ClInclude Include="..\src\antlr4\TokenFactory.h">
      <Filter>Header Files\Antlr4</Filter>
    </ClInclude>
    <ClInclude Include="..\src\antlr4\TokenSource.h">
      <Filter>Header Files\Antlr4</Filter>
    </ClInclude>
    <ClInclude Include="..\src\antlr4\TokenStream.h">
      <Filter>Header Files\Antlr4</Filter>
    </ClInclude>
    <ClInclude Include="..\src\antlr4\TokenStreamRewriter.h">
      <Filter>Header Files\Antlr4</Filter>
    </ClInclude>
    <ClInclude Include="..\src\antlr4\UnbufferedCharStream.h">
      <Filter>Header Files\Antlr4</Filter>
    </ClInclude>
    <ClInclude Include="..\src\antlr4\UnbufferedTokenStream.h">
      <Filter>Header Files\Antlr4</Filter>
    </ClInclude>
    <ClInclude Include="..\src\antlr4\Vocabulary.h">
      <Filter>Header Files\Antlr4</Filter>
    </ClInclude>
    <ClInclude Include="..\src\antlr4\WritableToken.h">
      <Filter>Header Files\Antlr4</Filter>
    </ClInclude>
    <ClInclude Include="..\src\antlr4\atn\AbstractPredicateTransition.h">
      <Filter>Header Files\Antlr4\atn</Filter>
    </ClInclude>
    <ClInclude Include="..\src\antlr4\atn\ActionTransition.h">
      <Filter>Header Files\Antlr4\atn</Filter>
    </ClInclude>
    <ClInclude Include="..\src\antlr4\atn\AmbiguityInfo.h">
      <Filter>Header Files\Antlr4\atn</Filter>
    </ClInclude>
    <ClInclude Include="..\src\antlr4\atn\ArrayPredictionContext.h">
      <Filter>Header Files\Antlr4\atn</Filter>
    </ClInclude>
    <ClInclude Include="..\src\antlr4\atn\ATN.h">
      <Filter>Header Files\Antlr4\atn</Filter>
    </ClInclude>
    <ClInclude Include="..\src\antlr4\atn\ATNConfig.h">
      <Filter>Header Files\Antlr4\atn</Filter>
    </ClInclude>
    <ClInclude Include="..\src\antlr4\atn\ATNConfigSet.h">
      <Filter>Header Files\Antlr4\atn</Filter>
    </ClInclude>
    <ClInclude Include="..\src\antlr4\atn\ATNDeserializationOptions.h">
      <Filter>Header Files\Antlr4\atn</Filter>
    </ClInclude>
    <ClInclude Include="..\src\antlr4\atn\ATNDeserializer.h">
      <Filter>Header Files\Antlr4\atn</Filter>
    </ClInclude>
    <ClInclude Include="..\src\antlr4\atn\ATNSerializer.h">
      <Filter>Header Files\Antlr4\atn</Filter>
    </ClInclude>
    <ClInclude Include="..\src\antlr4\atn\ATNSimulator.h">
      <Filter>Header Files\Antlr4\atn</Filter>
    </ClInclude>
    <ClInclude Include="..\src\antlr4\atn\ATNState.h">
      <Filter>Header Files\Antlr4\atn</Filter>
    </ClInclude>
    <ClInclude Include="..\src\antlr4\atn\ATNType.h">
      <Filter>Header Files\Antlr4\atn</Filter>
    </ClInclude>
    <ClInclude Include="..\src\antlr4\atn\AtomTransition.h">
      <Filter>Header Files\Antlr4\atn</Filter>
    </ClInclude>
    <ClInclude Include="..\src\antlr4\atn\BasicBlockStartState.h">
      <Filter>Header Files\Antlr4\atn</Filter>
    </ClInclude>
    <ClInclude Include="..\src\antlr4\atn\BasicState.h">
      <Filter>Header Files\Antlr4\atn</Filter>
    </ClInclude>
    <ClInclude Include="..\src\antlr4\atn\BlockEndState.h">
      <Filter>Header Files\Antlr4\atn</Filter>
    </ClInclude>
    <ClInclude Include="..\src\antlr4\atn\BlockStartState.h">
      <Filter>Header Files\Antlr4\atn</Filter>
    </ClInclude>
    <ClInclude Include="..\src\antlr4\atn\ContextSensitivityInfo.h">
      <Filter>Header Files\Antlr4\atn</Filter>
    </ClInclude>
    <ClInclude Include="..\src\antlr4\atn\DecisionEventInfo.h">
      <Filter>Header Files\Antlr4\atn</Filter>
    </ClInclude>
    <ClInclude Include="..\src\antlr4\atn\DecisionInfo.h">
      <Filter>Header Files\Antlr4\atn</Filter>
    </ClInclude>
    <ClInclude Include="..\src\antlr4\atn\DecisionState.h">
      <Filter>Header Files\Antlr4\atn</Filter>
    </ClInclude>
    <ClInclude Include="..\src\antlr4\atn\EmptyPredictionContext.h">
      <Filter>Header Files\Antlr4\atn</Filter>
    </ClInclude>
    <ClInclude Include="..\src\antlr4\atn\EpsilonTransition.h">
      <Filter>Header Files\Antlr4\atn</Filter>
    </ClInclude>
    <ClInclude Include="..\src\antlr4\atn\ErrorInfo.h">
      <Filter>Header Files\Antlr4\atn</Filter>
    </ClInclude>
    <ClInclude Include="..\src\antlr4\atn\LexerAction.h">
      <Filter>Header Files\Antlr4\atn</Filter>
    </ClInclude>
    <ClInclude Include="..\src\antlr4\atn\LexerActionExecutor.h">
      <Filter>Header Files\Antlr4\atn</Filter>
    </ClInclude>
    <ClInclude Include="..\src\antlr4\atn\LexerActionType.h">
      <Filter>Header Files\Antlr4\atn</Filter>
    </ClInclude>
    <ClInclude Include="..\src\antlr4\atn\LexerATNConfig.h">
      <Filter>Header Files\Antlr4\atn</Filter>
    </ClInclude>
    <ClInclude Include="..\src\antlr4\atn\LexerATNSimulator.h">
      <Filter>Header Files\Antlr4\atn</Filter>
    </ClInclude>
    <ClInclude Include="..\src\antlr4\atn\LexerChannelAction.h">
      <Filter>Header Files\Antlr4\atn</Filter>
    </ClInclude>
    <ClInclude Include="..\src\antlr4\atn\LexerCustomAction.h">
      <Filter>Header Files\Antlr4\atn</Filter>
    </ClInclude>
    <ClInclude Include="..\src\antlr4\atn\LexerIndexedCustomAction.h">
      <Filter>Header Files\Antlr4\atn</Filter>
    </ClInclude>
    <ClInclude Include="..\src\antlr4\atn\LexerModeAction.h">
      <Filter>Header Files\Antlr4\atn</Filter>
    </ClInclude>
    <ClInclude Include="..\src\antlr4\atn\LexerMoreAction.h">
      <Filter>Header Files\Antlr4\atn</Filter>
    </ClInclude>
    <ClInclude Include="..\src\antlr4\atn\LexerPopModeAction.h">
      <Filter>Header Files\Antlr4\atn</Filter>
    </ClInclude>
    <ClInclude Include="..\src\antlr4\atn\LexerPushModeAction.h">
      <Filter>Header Files\Antlr4\atn</Filter>
    </ClInclude>
    <ClInclude Include="..\src\antlr4\atn\LexerSkipAction.h">
      <Filter>Header Files\Antlr4\atn</Filter>
    </ClInclude>
    <ClInclude Include="..\src\antlr4\atn\LexerTypeAction.h">
      <Filter>Header Files\Antlr4\atn</Filter>
    </ClInclude>
    <ClInclude Include="..\src\antlr4\atn\LL1Analyzer.h">
      <Filter>Header Files\Antlr4\atn</Filter>
    </ClInclude>
    <ClInclude Include="..\src\antlr4\atn\LookaheadEventInfo.h">
      <Filter>Header Files\Antlr4\atn</Filter>
    </ClInclude>
    <ClInclude Include="..\src\antlr4\atn\LoopEndState.h">
      <Filter>Header Files\Antlr4\atn</Filter>
    </ClInclude>
    <ClInclude Include="..\src\antlr4\atn\NotSetTransition.h">
      <Filter>Header Files\Antlr4\atn</Filter>
    </ClInclude>
    <ClInclude Include="..\src\antlr4\atn\OrderedATNConfigSet.h">
      <Filter>Header Files\Antlr4\atn</Filter>
    </ClInclude>
    <ClInclude Include="..\src\antlr4\atn\ParseInfo.h">
      <Filter>Header Files\Antlr4\atn</Filter>
    </ClInclude>
    <ClInclude Include="..\src\antlr4\atn\ParserATNSimulator.h">
      <Filter>Header Files\Antlr4\atn</Filter>
    </ClInclude>
    <ClInclude Include="..\src\antlr4\atn\PlusBlockStartState.h">
      <Filter>Header Files\Antlr4\atn</Filter>
    </ClInclude>
    <ClInclude Include="..\src\antlr4\atn\PlusLoopbackState.h">
      <Filter>Header Files\Antlr4\atn</Filter>
    </ClInclude>
    <ClInclude Include="..\src\antlr4\atn\PrecedencePredicateTransition.h">
      <Filter>Header Files\Antlr4\atn</Filter>
    </ClInclude>
    <ClInclude Include="..\src\antlr4\atn\PredicateEvalInfo.h">
      <Filter>Header Files\Antlr4\atn</Filter>
    </ClInclude>
    <ClInclude Include="..\src\antlr4\atn\PredicateTransition.h">
      <Filter>Header Files\Antlr4\atn</Filter>
    </ClInclude>
    <ClInclude Include="..\src\antlr4\atn\PredictionContext.h">
      <Filter>Header Files\Antlr4\atn</Filter>
    </ClInclude>
    <ClInclude Include="..\src\antlr4\atn\PredictionMode.h">
      <Filter>Header Files\Antlr4\atn</Filter>
    </ClInclude>
    <ClInclude Include="..\src\antlr4\atn\ProfilingATNSimulator.h">
      <Filter>Header Files\Antlr4\atn</Filter>
    </ClInclude>
    <ClInclude Include="..\src\antlr4\atn\RangeTransition.h">
      <Filter>Header Files\Antlr4\atn</Filter>
    </ClInclude>
    <ClInclude Include="..\src\antlr4\atn\RuleStartState.h">
      <Filter>Header Files\Antlr4\atn</Filter>
    </ClInclude>
    <ClInclude Include="..\src\antlr4\atn\RuleStopState.h">
      <Filter>Header Files\Antlr4\atn</Filter>
    </ClInclude>
    <ClInclude Include="..\src\antlr4\atn\RuleTransition.h">
      <Filter>Header Files\Antlr4\atn</Filter>
    </ClInclude>
    <ClInclude Include="..\src\antlr4\atn\SemanticContext.h">
      <Filter>Header Files\Antlr4\atn</Filter>
    </ClInclude>
    <ClInclude Include="..\src\antlr4\atn\SetTransition.h">
      <Filter>Header Files\Antlr4\atn</Filter>
    </ClInclude>
    <ClInclude Include="..\src\antlr4\atn\SingletonPredictionContext.h">
      <Filter>Header Files\Antlr4\atn</Filter>
    </ClInclude>
    <ClInclude Include="..\src\antlr4\atn\StarBlockStartState.h">
      <Filter>Header Files\Antlr4\atn</Filter>
    </ClInclude>
    <ClInclude Include="..\src\antlr4\atn\StarLoopbackState.h">
      <Filter>Header Files\Antlr4\atn</Filter>
    </ClInclude>
    <ClInclude Include="..\src\antlr4\atn\StarLoopEntryState.h">
      <Filter>Header Files\Antlr4\atn</Filter>
    </ClInclude>
    <ClInclude Include="..\src\antlr4\atn\TokensStartState.h">
      <Filter>Header Files\Antlr4\atn</Filter>
    </ClInclude>
    <ClInclude Include="..\src\antlr4\atn\Transition.h">
      <Filter>Header Files\Antlr4\atn</Filter>
    </ClInclude>
    <ClInclude Include="..\src\antlr4\atn\WildcardTransition.h">
      <Filter>Header Files\Antlr4\atn</Filter>
    </ClInclude>
    <ClInclude Include="..\src\antlr4\dfa\DFA.h">
      <Filter>Header Files\Antlr4\dfa</Filter>
    </ClInclude>
    <ClInclude Include="..\src\antlr4\dfa\DFASerializer.h">
      <Filter>Header Files\Antlr4\dfa</Filter>
    </ClInclude>
    <ClInclude Include="..\src\antlr4\dfa\DFAState.h">
      <Filter>Header Files\Antlr4\dfa</Filter>
    </ClInclude>
    <ClInclude Include="..\src\antlr4\dfa\LexerDFASerializer.h">
      <Filter>Header Files\Antlr4\dfa</Filter>
    </ClInclude>
    <ClInclude Include="..\src\antlr4\misc\InterpreterDataReader.h">
      <Filter>Header Files\Antlr4\misc</Filter>
    </ClInclude>
    <ClInclude Include="..\src\antlr4\misc\Interval.h">
      <Filter>Header Files\Antlr4\misc</Filter>
    </ClInclude>
    <ClInclude Include="..\src\antlr4\misc\IntervalSet.h">
      <Filter>Header Files\Antlr4\misc</Filter>
    </ClInclude>
    <ClInclude Include="..\src\antlr4\misc\MurmurHash.h">
      <Filter>Header Files\Antlr4\misc</Filter>
    </ClInclude>
    <ClInclude Include="..\src\antlr4\misc\Predicate.h">
      <Filter>Header Files\Antlr4\misc</Filter>
    </ClInclude>
    <ClInclude Include="..\src\antlr4\tree\AbstractParseTreeVisitor.h">
      <Filter>Header Files\Antlr4\tree</Filter>
    </ClInclude>
    <ClInclude Include="..\src\antlr4\tree\ErrorNode.h">
      <Filter>Header Files\Antlr4\tree</Filter>
    </ClInclude>
    <ClInclude Include="..\src\antlr4\tree\ErrorNodeImpl.h">
      <Filter>Header Files\Antlr4\tree</Filter>
    </ClInclude>
    <ClInclude Include="..\src\antlr4\tree\IterativeParseTreeWalker.h">
      <Filter>Header Files\Antlr4\tree</Filter>
    </ClInclude>
    <ClInclude Include="..\src\antlr4\tree\ParseTree.h">
      <Filter>Header Files\Antlr4\tree</Filter>
    </ClInclude>
    <ClInclude Include="..\src\antlr4\tree\ParseTreeListener.h">
      <Filter>Header Files\Antlr4\tree</Filter>
    </ClInclude>
    <ClInclude Include="..\src\antlr4\tree\ParseTreeProperty.h">
      <Filter>Header Files\Antlr4\tree</Filter>
    </ClInclude>
    <ClInclude Include="..\src\antlr4\tree\ParseTreeVisitor.h">
      <Filter>Header Files\Antlr4\tree</Filter>
    </ClInclude>
    <ClInclude Include="..\src\antlr4\tree\ParseTreeWalker.h">
      <Filter>Header Files\Antlr4\tree</Filter>
    </ClInclude>
    <ClInclude Include="..\src\antlr4\tree\TerminalNode.h">
      <Filter>Header Files\Antlr4\tree</Filter>
    </ClInclude>
    <ClInclude Include="..\src\antlr4\tree\TerminalNodeImpl.h">
      <Filter>Header Files\Antlr4\tree</Filter>
    </ClInclude>
    <ClInclude Include="..\src\antlr4\tree\Trees.h">
      <Filter>Header Files\Antlr4\tree</Filter>
    </ClInclude>
    <ClInclude Include="..\src\antlr4\support\Any.h">
      <Filter>Header Files\Antlr4\support</Filter>
    </ClInclude>
    <ClInclude Include="..\src\antlr4\support\Arrays.h">
      <Filter>Header Files\Antlr4\support</Filter>
    </ClInclude>
    <ClInclude Include="..\src\antlr4\support\BitSet.h">
      <Filter>Header Files\Antlr4\support</Filter>
    </ClInclude>
    <ClInclude Include="..\src\antlr4\support\CPPUtils.h">
      <Filter>Header Files\Antlr4\support</Filter>
    </ClInclude>
    <ClInclude Include="..\src\antlr4\support\Declarations.h">
      <Filter>Header Files\Antlr4\support</Filter>
    </ClInclude>
    <ClInclude Include="..\src\antlr4\support\guid.h">
      <Filter>Header Files\Antlr4\support</Filter>
    </ClInclude>
    <ClInclude Include="..\src\antlr4\support\StringUtils.h">
      <Filter>Header Files\Antlr4\support</Filter>
    </ClInclude>
    <ClInclude Include="..\src\antlr4\tree\xpath\XPathWildcardElement.h">
      <Filter>Header Files\Antlr4\tree\xpath</Filter>
    </ClInclude>
    <ClInclude Include="..\src\antlr4\tree\xpath\XPathWildcardAnywhereElement.h">
      <Filter>Header Files\Antlr4\tree\xpath</Filter>
    </ClInclude>
    <ClInclude Include="..\src\antlr4\tree\xpath\XPathTokenElement.h">
      <Filter>Header Files\Antlr4\tree\xpath</Filter>
    </ClInclude>
    <ClInclude Include="..\src\antlr4\tree\xpath\XPathTokenAnywhereElement.h">
      <Filter>Header Files\Antlr4\tree\xpath</Filter>
    </ClInclude>
    <ClInclude Include="..\src\antlr4\tree\xpath\XPathRuleElement.h">
      <Filter>Header Files\Antlr4\tree\xpath</Filter>
    </ClInclude>
    <ClInclude Include="..\src\antlr4\tree\xpath\XPathRuleAnywhereElement.h">
      <Filter>Header Files\Antlr4\tree\xpath</Filter>
    </ClInclude>
    <ClInclude Include="..\src\antlr4\tree\xpath\XPathLexerErrorListener.h">
      <Filter>Header Files\Antlr4\tree\xpath</Filter>
    </ClInclude>
    <ClInclude Include="..\src\antlr4\tree\xpath\XPathLexer.h">
      <Filter>Header Files\Antlr4\tree\xpath</Filter>
    </ClInclude>
    <ClInclude Include="..\src\antlr4\tree\xpath\XPathElement.h">
      <Filter>Header Files\Antlr4\tree\xpath</Filter>
    </ClInclude>
    <ClInclude Include="..\src\antlr4\tree\xpath\XPath.h">
      <Filter>Header Files\Antlr4\tree\xpath</Filter>
    </ClInclude>
    <ClInclude Include="..\src\antlr4\tree\pattern\Chunk.h">
      <Filter>Header Files\Antlr4\tree\pattern</Filter>
    </ClInclude>
    <ClInclude Include="..\src\antlr4\tree\pattern\ParseTreeMatch.h">
      <Filter>Header Files\Antlr4\tree\pattern</Filter>
    </ClInclude>
    <ClInclude Include="..\src\antlr4\tree\pattern\ParseTreePattern.h">
      <Filter>Header Files\Antlr4\tree\pattern</Filter>
    </ClInclude>
    <ClInclude Include="..\src\antlr4\tree\pattern\ParseTreePatternMatcher.h">
      <Filter>Header Files\Antlr4\tree\pattern</Filter>
    </ClInclude>
    <ClInclude Include="..\src\antlr4\tree\pattern\RuleTagToken.h">
      <Filter>Header Files\Antlr4\tree\pattern</Filter>
    </ClInclude>
    <ClInclude Include="..\src\antlr4\tree\pattern\TagChunk.h">
      <Filter>Header Files\Antlr4\tree\pattern</Filter>
    </ClInclude>
    <ClInclude Include="..\src\antlr4\tree\pattern\TextChunk.h">
      <Filter>Header Files\Antlr4\tree\pattern</Filter>
    </ClInclude>
    <ClInclude Include="..\src\antlr4\tree\pattern\TokenTagToken.h">
      <Filter>Header Files\Antlr4\tree\pattern</Filter>
    </ClInclude>
    <ClInclude Include="..\src\parser\myparser.h">
      <Filter>Header Files\Parser</Filter>
    </ClInclude>
    <ClInclude Include="..\src\graphics\colour.h">
      <Filter>Header Files\Graphics</Filter>
    </ClInclude>
    <ClInclude Include="..\src\graphics\sprite.h">
      <Filter>Header Files\Graphics</Filter>
    </ClInclude>
    <ClInclude Include="..\src\input\input.h">
      <Filter>Header Files\Input</Filter>
    </ClInclude>
    <ClInclude Include="..\src\fonts\fonts.h">
      <Filter>Header Files\Fonts</Filter>
    </ClInclude>
    <ClInclude Include="..\src\fonts\stb_truetype.h">
      <Filter>Header Files\Fonts</Filter>
    </ClInclude>
    <ClInclude Include="..\src\text\text.h">
      <Filter>Header Files\Text</Filter>
    </ClInclude>
  </ItemGroup>
  <ItemGroup>
    <None Include="..\Grammar\DARIC.g4">
      <Filter>Resource Files</Filter>
    </None>
    <None Include="..\src\parser\DARIC.interp">
      <Filter>Resource Files\Parser</Filter>
    </None>
    <None Include="..\src\parser\DARICLexer.interp">
      <Filter>Resource Files\Parser</Filter>
    </None>
    <None Include="..\src\parser\DARIC.tokens">
      <Filter>Resource Files\Parser</Filter>
    </None>
    <None Include="..\src\parser\DARICLexer.tokens">
      <Filter>Resource Files\Parser</Filter>
    </None>
    <None Include="..\build-grammar.bat">
      <Filter>Resource Files</Filter>
    </None>
    <None Include="..\Examples\Cubes.daric">
      <Filter>Resource Files\Examples</Filter>
    </None>
    <None Include="..\Examples\DARIC.daric">
      <Filter>Resource Files\Examples</Filter>
    </None>
    <None Include="..\Examples\Data">
      <Filter>Resource Files\Examples</Filter>
    </None>
    <None Include="..\Examples\Fonts.daric">
      <Filter>Resource Files\Examples</Filter>
    </None>
    <None Include="..\Examples\Graphics.daric">
      <Filter>Resource Files\Examples</Filter>
    </None>
    <None Include="..\Examples\Greedy.daric">
      <Filter>Resource Files\Examples</Filter>
    </None>
    <None Include="..\Examples\Load3D.daric">
      <Filter>Resource Files\Examples</Filter>
    </None>
    <None Include="..\Examples\Mandelbrot.daric">
      <Filter>Resource Files\Examples</Filter>
    </None>
    <None Include="..\Examples\Menus.daric">
      <Filter>Resource Files\Examples</Filter>
    </None>
    <None Include="..\Examples\Perlin.daric">
      <Filter>Resource Files\Examples</Filter>
    </None>
    <None Include="..\Examples\SetupGraphics.daric">
      <Filter>Resource Files\Examples</Filter>
    </None>
    <None Include="..\Examples\Sierpinski.daric">
      <Filter>Resource Files\Examples</Filter>
    </None>
    <None Include="..\Examples\Start.daric">
      <Filter>Resource Files\Examples</Filter>
    </None>
    <None Include="..\Examples\Terrain.daric">
      <Filter>Resource Files\Examples</Filter>
    </None>
    <None Include="..\Examples\TerrainDemo.daric">
      <Filter>Resource Files\Examples</Filter>
    </None>
    <None Include="..\Examples\Test">
      <Filter>Resource Files\Examples</Filter>
    </None>
    <None Include="..\Examples\Tester.daric">
      <Filter>Resource Files\Examples</Filter>
    </None>
    <None Include="..\Examples\Welcome.daric">
      <Filter>Resource Files\Examples</Filter>
    </None>
    <None Include="..\Examples\WorldInLines.daric">
      <Filter>Resource Files\Examples</Filter>
    </None>
    <None Include="..\Examples\TesterLineNumbers.daric">
      <Filter>Resource Files\Examples</Filter>
    </None>
    <None Include="..\Test.daric">
      <Filter>Resource Files</Filter>
    </None>
    <None Include="..\Examples\FakeWindows.daric">
      <Filter>Resource Files\Examples</Filter>
    </None>
    <None Include="..\Manual.json">
      <Filter>Resource Files\ManualPages</Filter>
    </None>
    <None Include="..\Examples\Sprites.daric">
      <Filter>Resource Files\Examples</Filter>
    </None>
    <None Include="..\Examples\StructuredTypes.daric">
      <Filter>Resource Files\Examples</Filter>
    </None>
    <None Include="..\DaricOO\Mandelbrot.daricoo">
      <Filter>Resource Files\DaricOO</Filter>
    </None>
  </ItemGroup>
  <ItemGroup>
    <Natvis Include="..\src\jit\asmjit.natvis">
      <Filter>Source Files\JIT</Filter>
    </Natvis>
  </ItemGroup>
</Project>